Microsoft Visual Studio Solution File, Format Version 12.00
# Visual Studio Version 16
VisualStudioVersion = 16.0.28803.352
MinimumVisualStudioVersion = 10.0.40219.1
Project("{6EC3EE1D-3C4E-46DD-8F32-0CC8E7565705}") = "TestApp", "TestApp\TestApp.fsproj", "{05E54987-BCF5-4314-926B-D7898F1F6262}"
EndProject
Project("{F2A71F9B-5D33-465A-A702-920D77279786}") = "TestApp.Android", "TestApp.Android\TestApp.Android.fsproj", "{0223022F-7009-4C30-B752-AD651FC01FC9}"
EndProject
Project("{F2A71F9B-5D33-465A-A702-920D77279786}") = "TestApp.iOS", "TestApp.iOS\TestApp.iOS.fsproj", "{ADF33C04-5F14-4C58-BF9A-17E9382484A2}"
EndProject
Project("{F2A71F9B-5D33-465A-A702-920D77279786}") = "Server", "Server\Server.fsproj", "{AFB95EB9-8FFD-4C61-B26F-D22DF40751A2}"
EndProject
Global
	GlobalSection(SolutionConfigurationPlatforms) = preSolution
		Ad-Hoc|Any CPU = Ad-Hoc|Any CPU
		Ad-Hoc|ARM = Ad-Hoc|ARM
		Ad-Hoc|iPhone = Ad-Hoc|iPhone
		Ad-Hoc|iPhoneSimulator = Ad-Hoc|iPhoneSimulator
		Ad-Hoc|x64 = Ad-Hoc|x64
		Ad-Hoc|x86 = Ad-Hoc|x86
		AppStore|Any CPU = AppStore|Any CPU
		AppStore|ARM = AppStore|ARM
		AppStore|iPhone = AppStore|iPhone
		AppStore|iPhoneSimulator = AppStore|iPhoneSimulator
		AppStore|x64 = AppStore|x64
		AppStore|x86 = AppStore|x86
		Debug|Any CPU = Debug|Any CPU
		Debug|ARM = Debug|ARM
		Debug|iPhone = Debug|iPhone
		Debug|iPhoneSimulator = Debug|iPhoneSimulator
		Debug|x64 = Debug|x64
		Debug|x86 = Debug|x86
		Release|Any CPU = Release|Any CPU
		Release|ARM = Release|ARM
		Release|iPhone = Release|iPhone
		Release|iPhoneSimulator = Release|iPhoneSimulator
		Release|x64 = Release|x64
		Release|x86 = Release|x86
	EndGlobalSection
	GlobalSection(ProjectConfigurationPlatforms) = postSolution
		{05E54987-BCF5-4314-926B-D7898F1F6262}.Ad-Hoc|Any CPU.ActiveCfg = Debug|Any CPU
		{05E54987-BCF5-4314-926B-D7898F1F6262}.Ad-Hoc|Any CPU.Build.0 = Debug|Any CPU
		{05E54987-BCF5-4314-926B-D7898F1F6262}.Ad-Hoc|ARM.ActiveCfg = Debug|Any CPU
		{05E54987-BCF5-4314-926B-D7898F1F6262}.Ad-Hoc|ARM.Build.0 = Debug|Any CPU
		{05E54987-BCF5-4314-926B-D7898F1F6262}.Ad-Hoc|iPhone.ActiveCfg = Debug|Any CPU
		{05E54987-BCF5-4314-926B-D7898F1F6262}.Ad-Hoc|iPhone.Build.0 = Debug|Any CPU
		{05E54987-BCF5-4314-926B-D7898F1F6262}.Ad-Hoc|iPhoneSimulator.ActiveCfg = Debug|Any CPU
		{05E54987-BCF5-4314-926B-D7898F1F6262}.Ad-Hoc|iPhoneSimulator.Build.0 = Debug|Any CPU
		{05E54987-BCF5-4314-926B-D7898F1F6262}.Ad-Hoc|x64.ActiveCfg = Debug|Any CPU
		{05E54987-BCF5-4314-926B-D7898F1F6262}.Ad-Hoc|x64.Build.0 = Debug|Any CPU
		{05E54987-BCF5-4314-926B-D7898F1F6262}.Ad-Hoc|x86.ActiveCfg = Debug|Any CPU
		{05E54987-BCF5-4314-926B-D7898F1F6262}.Ad-Hoc|x86.Build.0 = Debug|Any CPU
		{05E54987-BCF5-4314-926B-D7898F1F6262}.AppStore|Any CPU.ActiveCfg = Debug|Any CPU
		{05E54987-BCF5-4314-926B-D7898F1F6262}.AppStore|Any CPU.Build.0 = Debug|Any CPU
		{05E54987-BCF5-4314-926B-D7898F1F6262}.AppStore|ARM.ActiveCfg = Debug|Any CPU
		{05E54987-BCF5-4314-926B-D7898F1F6262}.AppStore|ARM.Build.0 = Debug|Any CPU
		{05E54987-BCF5-4314-926B-D7898F1F6262}.AppStore|iPhone.ActiveCfg = Debug|Any CPU
		{05E54987-BCF5-4314-926B-D7898F1F6262}.AppStore|iPhone.Build.0 = Debug|Any CPU
		{05E54987-BCF5-4314-926B-D7898F1F6262}.AppStore|iPhoneSimulator.ActiveCfg = Debug|Any CPU
		{05E54987-BCF5-4314-926B-D7898F1F6262}.AppStore|iPhoneSimulator.Build.0 = Debug|Any CPU
		{05E54987-BCF5-4314-926B-D7898F1F6262}.AppStore|x64.ActiveCfg = Debug|Any CPU
		{05E54987-BCF5-4314-926B-D7898F1F6262}.AppStore|x64.Build.0 = Debug|Any CPU
		{05E54987-BCF5-4314-926B-D7898F1F6262}.AppStore|x86.ActiveCfg = Debug|Any CPU
		{05E54987-BCF5-4314-926B-D7898F1F6262}.AppStore|x86.Build.0 = Debug|Any CPU
		{05E54987-BCF5-4314-926B-D7898F1F6262}.Debug|Any CPU.ActiveCfg = Debug|Any CPU
		{05E54987-BCF5-4314-926B-D7898F1F6262}.Debug|Any CPU.Build.0 = Debug|Any CPU
		{05E54987-BCF5-4314-926B-D7898F1F6262}.Debug|ARM.ActiveCfg = Debug|Any CPU
		{05E54987-BCF5-4314-926B-D7898F1F6262}.Debug|ARM.Build.0 = Debug|Any CPU
		{05E54987-BCF5-4314-926B-D7898F1F6262}.Debug|iPhone.ActiveCfg = Debug|Any CPU
		{05E54987-BCF5-4314-926B-D7898F1F6262}.Debug|iPhone.Build.0 = Debug|Any CPU
		{05E54987-BCF5-4314-926B-D7898F1F6262}.Debug|iPhoneSimulator.ActiveCfg = Debug|Any CPU
		{05E54987-BCF5-4314-926B-D7898F1F6262}.Debug|iPhoneSimulator.Build.0 = Debug|Any CPU
		{05E54987-BCF5-4314-926B-D7898F1F6262}.Debug|x64.ActiveCfg = Debug|Any CPU
		{05E54987-BCF5-4314-926B-D7898F1F6262}.Debug|x64.Build.0 = Debug|Any CPU
		{05E54987-BCF5-4314-926B-D7898F1F6262}.Debug|x86.ActiveCfg = Debug|Any CPU
		{05E54987-BCF5-4314-926B-D7898F1F6262}.Debug|x86.Build.0 = Debug|Any CPU
		{05E54987-BCF5-4314-926B-D7898F1F6262}.Release|Any CPU.ActiveCfg = Release|Any CPU
		{05E54987-BCF5-4314-926B-D7898F1F6262}.Release|Any CPU.Build.0 = Release|Any CPU
		{05E54987-BCF5-4314-926B-D7898F1F6262}.Release|ARM.ActiveCfg = Release|Any CPU
		{05E54987-BCF5-4314-926B-D7898F1F6262}.Release|ARM.Build.0 = Release|Any CPU
		{05E54987-BCF5-4314-926B-D7898F1F6262}.Release|iPhone.ActiveCfg = Release|Any CPU
		{05E54987-BCF5-4314-926B-D7898F1F6262}.Release|iPhone.Build.0 = Release|Any CPU
		{05E54987-BCF5-4314-926B-D7898F1F6262}.Release|iPhoneSimulator.ActiveCfg = Release|Any CPU
		{05E54987-BCF5-4314-926B-D7898F1F6262}.Release|iPhoneSimulator.Build.0 = Release|Any CPU
		{05E54987-BCF5-4314-926B-D7898F1F6262}.Release|x64.ActiveCfg = Release|Any CPU
		{05E54987-BCF5-4314-926B-D7898F1F6262}.Release|x64.Build.0 = Release|Any CPU
		{05E54987-BCF5-4314-926B-D7898F1F6262}.Release|x86.ActiveCfg = Release|Any CPU
		{05E54987-BCF5-4314-926B-D7898F1F6262}.Release|x86.Build.0 = Release|Any CPU
		{0223022F-7009-4C30-B752-AD651FC01FC9}.Ad-Hoc|Any CPU.ActiveCfg = Release|Any CPU
		{0223022F-7009-4C30-B752-AD651FC01FC9}.Ad-Hoc|Any CPU.Build.0 = Release|Any CPU
		{0223022F-7009-4C30-B752-AD651FC01FC9}.Ad-Hoc|ARM.ActiveCfg = Release|Any CPU
		{0223022F-7009-4C30-B752-AD651FC01FC9}.Ad-Hoc|ARM.Build.0 = Release|Any CPU
		{0223022F-7009-4C30-B752-AD651FC01FC9}.Ad-Hoc|iPhone.ActiveCfg = Release|Any CPU
		{0223022F-7009-4C30-B752-AD651FC01FC9}.Ad-Hoc|iPhone.Build.0 = Release|Any CPU
		{0223022F-7009-4C30-B752-AD651FC01FC9}.Ad-Hoc|iPhoneSimulator.ActiveCfg = Release|Any CPU
		{0223022F-7009-4C30-B752-AD651FC01FC9}.Ad-Hoc|iPhoneSimulator.Build.0 = Release|Any CPU
		{0223022F-7009-4C30-B752-AD651FC01FC9}.Ad-Hoc|x64.ActiveCfg = Release|Any CPU
		{0223022F-7009-4C30-B752-AD651FC01FC9}.Ad-Hoc|x64.Build.0 = Release|Any CPU
		{0223022F-7009-4C30-B752-AD651FC01FC9}.Ad-Hoc|x86.ActiveCfg = Release|Any CPU
		{0223022F-7009-4C30-B752-AD651FC01FC9}.Ad-Hoc|x86.Build.0 = Release|Any CPU
		{0223022F-7009-4C30-B752-AD651FC01FC9}.AppStore|Any CPU.ActiveCfg = Release|Any CPU
		{0223022F-7009-4C30-B752-AD651FC01FC9}.AppStore|Any CPU.Build.0 = Release|Any CPU
		{0223022F-7009-4C30-B752-AD651FC01FC9}.AppStore|ARM.ActiveCfg = Release|Any CPU
		{0223022F-7009-4C30-B752-AD651FC01FC9}.AppStore|ARM.Build.0 = Release|Any CPU
		{0223022F-7009-4C30-B752-AD651FC01FC9}.AppStore|iPhone.ActiveCfg = Release|Any CPU
		{0223022F-7009-4C30-B752-AD651FC01FC9}.AppStore|iPhone.Build.0 = Release|Any CPU
		{0223022F-7009-4C30-B752-AD651FC01FC9}.AppStore|iPhoneSimulator.ActiveCfg = Release|Any CPU
		{0223022F-7009-4C30-B752-AD651FC01FC9}.AppStore|iPhoneSimulator.Build.0 = Release|Any CPU
		{0223022F-7009-4C30-B752-AD651FC01FC9}.AppStore|x64.ActiveCfg = Release|Any CPU
		{0223022F-7009-4C30-B752-AD651FC01FC9}.AppStore|x64.Build.0 = Release|Any CPU
		{0223022F-7009-4C30-B752-AD651FC01FC9}.AppStore|x86.ActiveCfg = Release|Any CPU
		{0223022F-7009-4C30-B752-AD651FC01FC9}.AppStore|x86.Build.0 = Release|Any CPU
		{0223022F-7009-4C30-B752-AD651FC01FC9}.Debug|Any CPU.ActiveCfg = Debug|Any CPU
		{0223022F-7009-4C30-B752-AD651FC01FC9}.Debug|Any CPU.Build.0 = Debug|Any CPU
		{0223022F-7009-4C30-B752-AD651FC01FC9}.Debug|Any CPU.Deploy.0 = Debug|Any CPU
		{0223022F-7009-4C30-B752-AD651FC01FC9}.Debug|ARM.ActiveCfg = Debug|Any CPU
		{0223022F-7009-4C30-B752-AD651FC01FC9}.Debug|ARM.Build.0 = Debug|Any CPU
		{0223022F-7009-4C30-B752-AD651FC01FC9}.Debug|iPhone.ActiveCfg = Debug|Any CPU
		{0223022F-7009-4C30-B752-AD651FC01FC9}.Debug|iPhone.Build.0 = Debug|Any CPU
		{0223022F-7009-4C30-B752-AD651FC01FC9}.Debug|iPhoneSimulator.ActiveCfg = Debug|Any CPU
		{0223022F-7009-4C30-B752-AD651FC01FC9}.Debug|iPhoneSimulator.Build.0 = Debug|Any CPU
		{0223022F-7009-4C30-B752-AD651FC01FC9}.Debug|x64.ActiveCfg = Debug|Any CPU
		{0223022F-7009-4C30-B752-AD651FC01FC9}.Debug|x64.Build.0 = Debug|Any CPU
		{0223022F-7009-4C30-B752-AD651FC01FC9}.Debug|x86.ActiveCfg = Debug|Any CPU
		{0223022F-7009-4C30-B752-AD651FC01FC9}.Debug|x86.Build.0 = Debug|Any CPU
		{0223022F-7009-4C30-B752-AD651FC01FC9}.Release|Any CPU.ActiveCfg = Release|Any CPU
		{0223022F-7009-4C30-B752-AD651FC01FC9}.Release|Any CPU.Build.0 = Release|Any CPU
		{0223022F-7009-4C30-B752-AD651FC01FC9}.Release|Any CPU.Deploy.0 = Release|Any CPU
		{0223022F-7009-4C30-B752-AD651FC01FC9}.Release|ARM.ActiveCfg = Release|Any CPU
		{0223022F-7009-4C30-B752-AD651FC01FC9}.Release|ARM.Build.0 = Release|Any CPU
		{0223022F-7009-4C30-B752-AD651FC01FC9}.Release|iPhone.ActiveCfg = Release|Any CPU
		{0223022F-7009-4C30-B752-AD651FC01FC9}.Release|iPhone.Build.0 = Release|Any CPU
		{0223022F-7009-4C30-B752-AD651FC01FC9}.Release|iPhoneSimulator.ActiveCfg = Release|Any CPU
		{0223022F-7009-4C30-B752-AD651FC01FC9}.Release|iPhoneSimulator.Build.0 = Release|Any CPU
		{0223022F-7009-4C30-B752-AD651FC01FC9}.Release|x64.ActiveCfg = Release|Any CPU
		{0223022F-7009-4C30-B752-AD651FC01FC9}.Release|x64.Build.0 = Release|Any CPU
		{0223022F-7009-4C30-B752-AD651FC01FC9}.Release|x86.ActiveCfg = Release|Any CPU
		{0223022F-7009-4C30-B752-AD651FC01FC9}.Release|x86.Build.0 = Release|Any CPU
		{ADF33C04-5F14-4C58-BF9A-17E9382484A2}.Ad-Hoc|Any CPU.ActiveCfg = Ad-Hoc|iPhone
		{ADF33C04-5F14-4C58-BF9A-17E9382484A2}.Ad-Hoc|ARM.ActiveCfg = Ad-Hoc|iPhone
		{ADF33C04-5F14-4C58-BF9A-17E9382484A2}.Ad-Hoc|iPhone.ActiveCfg = Ad-Hoc|iPhone
		{ADF33C04-5F14-4C58-BF9A-17E9382484A2}.Ad-Hoc|iPhone.Build.0 = Ad-Hoc|iPhone
		{ADF33C04-5F14-4C58-BF9A-17E9382484A2}.Ad-Hoc|iPhoneSimulator.ActiveCfg = Ad-Hoc|iPhoneSimulator
		{ADF33C04-5F14-4C58-BF9A-17E9382484A2}.Ad-Hoc|iPhoneSimulator.Build.0 = Ad-Hoc|iPhoneSimulator
		{ADF33C04-5F14-4C58-BF9A-17E9382484A2}.Ad-Hoc|x64.ActiveCfg = Ad-Hoc|iPhone
		{ADF33C04-5F14-4C58-BF9A-17E9382484A2}.Ad-Hoc|x86.ActiveCfg = Ad-Hoc|iPhone
		{ADF33C04-5F14-4C58-BF9A-17E9382484A2}.AppStore|Any CPU.ActiveCfg = AppStore|iPhone
		{ADF33C04-5F14-4C58-BF9A-17E9382484A2}.AppStore|ARM.ActiveCfg = AppStore|iPhone
		{ADF33C04-5F14-4C58-BF9A-17E9382484A2}.AppStore|iPhone.ActiveCfg = AppStore|iPhone
		{ADF33C04-5F14-4C58-BF9A-17E9382484A2}.AppStore|iPhone.Build.0 = AppStore|iPhone
		{ADF33C04-5F14-4C58-BF9A-17E9382484A2}.AppStore|iPhoneSimulator.ActiveCfg = AppStore|iPhoneSimulator
		{ADF33C04-5F14-4C58-BF9A-17E9382484A2}.AppStore|iPhoneSimulator.Build.0 = AppStore|iPhoneSimulator
		{ADF33C04-5F14-4C58-BF9A-17E9382484A2}.AppStore|x64.ActiveCfg = AppStore|iPhone
		{ADF33C04-5F14-4C58-BF9A-17E9382484A2}.AppStore|x86.ActiveCfg = AppStore|iPhone
		{ADF33C04-5F14-4C58-BF9A-17E9382484A2}.Debug|Any CPU.ActiveCfg = Debug|iPhone
		{ADF33C04-5F14-4C58-BF9A-17E9382484A2}.Debug|ARM.ActiveCfg = Debug|iPhone
		{ADF33C04-5F14-4C58-BF9A-17E9382484A2}.Debug|iPhone.ActiveCfg = Debug|iPhone
		{ADF33C04-5F14-4C58-BF9A-17E9382484A2}.Debug|iPhone.Build.0 = Debug|iPhone
		{ADF33C04-5F14-4C58-BF9A-17E9382484A2}.Debug|iPhoneSimulator.ActiveCfg = Debug|iPhoneSimulator
		{ADF33C04-5F14-4C58-BF9A-17E9382484A2}.Debug|iPhoneSimulator.Build.0 = Debug|iPhoneSimulator
		{ADF33C04-5F14-4C58-BF9A-17E9382484A2}.Debug|x64.ActiveCfg = Debug|iPhone
		{ADF33C04-5F14-4C58-BF9A-17E9382484A2}.Debug|x86.ActiveCfg = Debug|iPhone
		{ADF33C04-5F14-4C58-BF9A-17E9382484A2}.Release|Any CPU.ActiveCfg = Release|iPhone
		{ADF33C04-5F14-4C58-BF9A-17E9382484A2}.Release|ARM.ActiveCfg = Release|iPhone
		{ADF33C04-5F14-4C58-BF9A-17E9382484A2}.Release|iPhone.ActiveCfg = Release|iPhone
		{ADF33C04-5F14-4C58-BF9A-17E9382484A2}.Release|iPhone.Build.0 = Release|iPhone
		{ADF33C04-5F14-4C58-BF9A-17E9382484A2}.Release|iPhoneSimulator.ActiveCfg = Release|iPhoneSimulator
		{ADF33C04-5F14-4C58-BF9A-17E9382484A2}.Release|iPhoneSimulator.Build.0 = Release|iPhoneSimulator
		{ADF33C04-5F14-4C58-BF9A-17E9382484A2}.Release|x64.ActiveCfg = Release|iPhone
		{ADF33C04-5F14-4C58-BF9A-17E9382484A2}.Release|x86.ActiveCfg = Release|iPhone
		{AFB95EB9-8FFD-4C61-B26F-D22DF40751A2}.Ad-Hoc|Any CPU.ActiveCfg = Debug|Any CPU
		{AFB95EB9-8FFD-4C61-B26F-D22DF40751A2}.Ad-Hoc|Any CPU.Build.0 = Debug|Any CPU
		{AFB95EB9-8FFD-4C61-B26F-D22DF40751A2}.Ad-Hoc|ARM.ActiveCfg = Debug|Any CPU
		{AFB95EB9-8FFD-4C61-B26F-D22DF40751A2}.Ad-Hoc|ARM.Build.0 = Debug|Any CPU
		{AFB95EB9-8FFD-4C61-B26F-D22DF40751A2}.Ad-Hoc|iPhone.ActiveCfg = Debug|Any CPU
		{AFB95EB9-8FFD-4C61-B26F-D22DF40751A2}.Ad-Hoc|iPhone.Build.0 = Debug|Any CPU
		{AFB95EB9-8FFD-4C61-B26F-D22DF40751A2}.Ad-Hoc|iPhoneSimulator.ActiveCfg = Debug|Any CPU
		{AFB95EB9-8FFD-4C61-B26F-D22DF40751A2}.Ad-Hoc|iPhoneSimulator.Build.0 = Debug|Any CPU
		{AFB95EB9-8FFD-4C61-B26F-D22DF40751A2}.Ad-Hoc|x64.ActiveCfg = Debug|Any CPU
		{AFB95EB9-8FFD-4C61-B26F-D22DF40751A2}.Ad-Hoc|x64.Build.0 = Debug|Any CPU
		{AFB95EB9-8FFD-4C61-B26F-D22DF40751A2}.Ad-Hoc|x86.ActiveCfg = Debug|Any CPU
		{AFB95EB9-8FFD-4C61-B26F-D22DF40751A2}.Ad-Hoc|x86.Build.0 = Debug|Any CPU
		{AFB95EB9-8FFD-4C61-B26F-D22DF40751A2}.AppStore|Any CPU.ActiveCfg = Debug|Any CPU
		{AFB95EB9-8FFD-4C61-B26F-D22DF40751A2}.AppStore|Any CPU.Build.0 = Debug|Any CPU
		{AFB95EB9-8FFD-4C61-B26F-D22DF40751A2}.AppStore|ARM.ActiveCfg = Debug|Any CPU
		{AFB95EB9-8FFD-4C61-B26F-D22DF40751A2}.AppStore|ARM.Build.0 = Debug|Any CPU
		{AFB95EB9-8FFD-4C61-B26F-D22DF40751A2}.AppStore|iPhone.ActiveCfg = Debug|Any CPU
		{AFB95EB9-8FFD-4C61-B26F-D22DF40751A2}.AppStore|iPhone.Build.0 = Debug|Any CPU
		{AFB95EB9-8FFD-4C61-B26F-D22DF40751A2}.AppStore|iPhoneSimulator.ActiveCfg = Debug|Any CPU
		{AFB95EB9-8FFD-4C61-B26F-D22DF40751A2}.AppStore|iPhoneSimulator.Build.0 = Debug|Any CPU
		{AFB95EB9-8FFD-4C61-B26F-D22DF40751A2}.AppStore|x64.ActiveCfg = Debug|Any CPU
		{AFB95EB9-8FFD-4C61-B26F-D22DF40751A2}.AppStore|x64.Build.0 = Debug|Any CPU
		{AFB95EB9-8FFD-4C61-B26F-D22DF40751A2}.AppStore|x86.ActiveCfg = Debug|Any CPU
		{AFB95EB9-8FFD-4C61-B26F-D22DF40751A2}.AppStore|x86.Build.0 = Debug|Any CPU
		{AFB95EB9-8FFD-4C61-B26F-D22DF40751A2}.Debug|Any CPU.ActiveCfg = Debug|Any CPU
		{AFB95EB9-8FFD-4C61-B26F-D22DF40751A2}.Debug|Any CPU.Build.0 = Debug|Any CPU
		{AFB95EB9-8FFD-4C61-B26F-D22DF40751A2}.Debug|ARM.ActiveCfg = Debug|Any CPU
		{AFB95EB9-8FFD-4C61-B26F-D22DF40751A2}.Debug|ARM.Build.0 = Debug|Any CPU
		{AFB95EB9-8FFD-4C61-B26F-D22DF40751A2}.Debug|iPhone.ActiveCfg = Debug|Any CPU
		{AFB95EB9-8FFD-4C61-B26F-D22DF40751A2}.Debug|iPhone.Build.0 = Debug|Any CPU
		{AFB95EB9-8FFD-4C61-B26F-D22DF40751A2}.Debug|iPhoneSimulator.ActiveCfg = Debug|Any CPU
		{AFB95EB9-8FFD-4C61-B26F-D22DF40751A2}.Debug|iPhoneSimulator.Build.0 = Debug|Any CPU
		{AFB95EB9-8FFD-4C61-B26F-D22DF40751A2}.Debug|x64.ActiveCfg = Debug|Any CPU
		{AFB95EB9-8FFD-4C61-B26F-D22DF40751A2}.Debug|x64.Build.0 = Debug|Any CPU
		{AFB95EB9-8FFD-4C61-B26F-D22DF40751A2}.Debug|x86.ActiveCfg = Debug|Any CPU
		{AFB95EB9-8FFD-4C61-B26F-D22DF40751A2}.Debug|x86.Build.0 = Debug|Any CPU
		{AFB95EB9-8FFD-4C61-B26F-D22DF40751A2}.Release|Any CPU.ActiveCfg = Release|Any CPU
		{AFB95EB9-8FFD-4C61-B26F-D22DF40751A2}.Release|Any CPU.Build.0 = Release|Any CPU
		{AFB95EB9-8FFD-4C61-B26F-D22DF40751A2}.Release|ARM.ActiveCfg = Release|Any CPU
		{AFB95EB9-8FFD-4C61-B26F-D22DF40751A2}.Release|ARM.Build.0 = Release|Any CPU
		{AFB95EB9-8FFD-4C61-B26F-D22DF40751A2}.Release|iPhone.ActiveCfg = Release|Any CPU
		{AFB95EB9-8FFD-4C61-B26F-D22DF40751A2}.Release|iPhone.Build.0 = Release|Any CPU
		{AFB95EB9-8FFD-4C61-B26F-D22DF40751A2}.Release|iPhoneSimulator.ActiveCfg = Release|Any CPU
		{AFB95EB9-8FFD-4C61-B26F-D22DF40751A2}.Release|iPhoneSimulator.Build.0 = Release|Any CPU
		{AFB95EB9-8FFD-4C61-B26F-D22DF40751A2}.Release|x64.ActiveCfg = Release|Any CPU
		{AFB95EB9-8FFD-4C61-B26F-D22DF40751A2}.Release|x64.Build.0 = Release|Any CPU
		{AFB95EB9-8FFD-4C61-B26F-D22DF40751A2}.Release|x86.ActiveCfg = Release|Any CPU
		{AFB95EB9-8FFD-4C61-B26F-D22DF40751A2}.Release|x86.Build.0 = Release|Any CPU
	EndGlobalSection
	GlobalSection(SolutionProperties) = preSolution
		HideSolutionNode = FALSE
	EndGlobalSection
	GlobalSection(ExtensibilityGlobals) = postSolution
		SolutionGuid = {F6D05029-56B8-4E45-AF2D-0E76295DDBA2}
	EndGlobalSection
EndGlobal
